
Microsoft Visual Studio Solution File, Format Version 12.00
# Visual Studio 15
VisualStudioVersion = 15.0.26206.0
MinimumVisualStudioVersion = 10.0.40219.1
Project("{D954291E-2A0B-460D-934E-DC6B0785DB48}") = "marsbot", "marsbot\marsbot\marsbot.shproj", "{682A5F0C-0A75-4151-A0D1-1E336E7029F7}"
EndProject
Project("{FAE04EC0-301F-11D3-BF4B-00C04F79EFBC}") = "marsbot.Droid", "marsbot\marsbot.Droid\marsbot.Droid.csproj", "{AC0E4D7F-763B-4A98-9669-52A6E3252F3A}"
EndProject
Project("{FAE04EC0-301F-11D3-BF4B-00C04F79EFBC}") = "marsbot.iOS", "marsbot\marsbot.iOS\marsbot.iOS.csproj", "{2D94EA5A-0974-44B4-A238-73DC35C1DE6A}"
EndProject
Project("{FAE04EC0-301F-11D3-BF4B-00C04F79EFBC}") = "marsbot.UWP", "marsbot\marsbot.UWP\marsbot.UWP.csproj", "{23D850C9-B199-464B-A1F8-125F7A1B30B4}"
EndProject
Global
	GlobalSection(SharedMSBuildProjectFiles) = preSolution
		marsbot\marsbot\marsbot.projitems*{682a5f0c-0a75-4151-a0d1-1e336e7029f7}*SharedItemsImports = 13
	EndGlobalSection
	GlobalSection(SolutionConfigurationPlatforms) = preSolution
		Ad-Hoc|Any CPU = Ad-Hoc|Any CPU
		Ad-Hoc|ARM = Ad-Hoc|ARM
		Ad-Hoc|iPhone = Ad-Hoc|iPhone
		Ad-Hoc|iPhoneSimulator = Ad-Hoc|iPhoneSimulator
		Ad-Hoc|x64 = Ad-Hoc|x64
		Ad-Hoc|x86 = Ad-Hoc|x86
		AppStore|Any CPU = AppStore|Any CPU
		AppStore|ARM = AppStore|ARM
		AppStore|iPhone = AppStore|iPhone
		AppStore|iPhoneSimulator = AppStore|iPhoneSimulator
		AppStore|x64 = AppStore|x64
		AppStore|x86 = AppStore|x86
		Debug|Any CPU = Debug|Any CPU
		Debug|ARM = Debug|ARM
		Debug|iPhone = Debug|iPhone
		Debug|iPhoneSimulator = Debug|iPhoneSimulator
		Debug|x64 = Debug|x64
		Debug|x86 = Debug|x86
		Release|Any CPU = Release|Any CPU
		Release|ARM = Release|ARM
		Release|iPhone = Release|iPhone
		Release|iPhoneSimulator = Release|iPhoneSimulator
		Release|x64 = Release|x64
		Release|x86 = Release|x86
	EndGlobalSection
	GlobalSection(ProjectConfigurationPlatforms) = postSolution
		{AC0E4D7F-763B-4A98-9669-52A6E3252F3A}.Ad-Hoc|Any CPU.ActiveCfg = Release|Any CPU
		{AC0E4D7F-763B-4A98-9669-52A6E3252F3A}.Ad-Hoc|Any CPU.Build.0 = Release|Any CPU
		{AC0E4D7F-763B-4A98-9669-52A6E3252F3A}.Ad-Hoc|Any CPU.Deploy.0 = Release|Any CPU
		{AC0E4D7F-763B-4A98-9669-52A6E3252F3A}.Ad-Hoc|ARM.ActiveCfg = Release|Any CPU
		{AC0E4D7F-763B-4A98-9669-52A6E3252F3A}.Ad-Hoc|ARM.Build.0 = Release|Any CPU
		{AC0E4D7F-763B-4A98-9669-52A6E3252F3A}.Ad-Hoc|ARM.Deploy.0 = Release|Any CPU
		{AC0E4D7F-763B-4A98-9669-52A6E3252F3A}.Ad-Hoc|iPhone.ActiveCfg = Release|Any CPU
		{AC0E4D7F-763B-4A98-9669-52A6E3252F3A}.Ad-Hoc|iPhone.Build.0 = Release|Any CPU
		{AC0E4D7F-763B-4A98-9669-52A6E3252F3A}.Ad-Hoc|iPhone.Deploy.0 = Release|Any CPU
		{AC0E4D7F-763B-4A98-9669-52A6E3252F3A}.Ad-Hoc|iPhoneSimulator.ActiveCfg = Release|Any CPU
		{AC0E4D7F-763B-4A98-9669-52A6E3252F3A}.Ad-Hoc|iPhoneSimulator.Build.0 = Release|Any CPU
		{AC0E4D7F-763B-4A98-9669-52A6E3252F3A}.Ad-Hoc|iPhoneSimulator.Deploy.0 = Release|Any CPU
		{AC0E4D7F-763B-4A98-9669-52A6E3252F3A}.Ad-Hoc|x64.ActiveCfg = Release|Any CPU
		{AC0E4D7F-763B-4A98-9669-52A6E3252F3A}.Ad-Hoc|x64.Build.0 = Release|Any CPU
		{AC0E4D7F-763B-4A98-9669-52A6E3252F3A}.Ad-Hoc|x64.Deploy.0 = Release|Any CPU
		{AC0E4D7F-763B-4A98-9669-52A6E3252F3A}.Ad-Hoc|x86.ActiveCfg = Release|Any CPU
		{AC0E4D7F-763B-4A98-9669-52A6E3252F3A}.Ad-Hoc|x86.Build.0 = Release|Any CPU
		{AC0E4D7F-763B-4A98-9669-52A6E3252F3A}.Ad-Hoc|x86.Deploy.0 = Release|Any CPU
		{AC0E4D7F-763B-4A98-9669-52A6E3252F3A}.AppStore|Any CPU.ActiveCfg = Release|Any CPU
		{AC0E4D7F-763B-4A98-9669-52A6E3252F3A}.AppStore|Any CPU.Build.0 = Release|Any CPU
		{AC0E4D7F-763B-4A98-9669-52A6E3252F3A}.AppStore|Any CPU.Deploy.0 = Release|Any CPU
		{AC0E4D7F-763B-4A98-9669-52A6E3252F3A}.AppStore|ARM.ActiveCfg = Release|Any CPU
		{AC0E4D7F-763B-4A98-9669-52A6E3252F3A}.AppStore|ARM.Build.0 = Release|Any CPU
		{AC0E4D7F-763B-4A98-9669-52A6E3252F3A}.AppStore|ARM.Deploy.0 = Release|Any CPU
		{AC0E4D7F-763B-4A98-9669-52A6E3252F3A}.AppStore|iPhone.ActiveCfg = Release|Any CPU
		{AC0E4D7F-763B-4A98-9669-52A6E3252F3A}.AppStore|iPhone.Build.0 = Release|Any CPU
		{AC0E4D7F-763B-4A98-9669-52A6E3252F3A}.AppStore|iPhone.Deploy.0 = Release|Any CPU
		{AC0E4D7F-763B-4A98-9669-52A6E3252F3A}.AppStore|iPhoneSimulator.ActiveCfg = Release|Any CPU
		{AC0E4D7F-763B-4A98-9669-52A6E3252F3A}.AppStore|iPhoneSimulator.Build.0 = Release|Any CPU
		{AC0E4D7F-763B-4A98-9669-52A6E3252F3A}.AppStore|iPhoneSimulator.Deploy.0 = Release|Any CPU
		{AC0E4D7F-763B-4A98-9669-52A6E3252F3A}.AppStore|x64.ActiveCfg = Release|Any CPU
		{AC0E4D7F-763B-4A98-9669-52A6E3252F3A}.AppStore|x64.Build.0 = Release|Any CPU
		{AC0E4D7F-763B-4A98-9669-52A6E3252F3A}.AppStore|x64.Deploy.0 = Release|Any CPU
		{AC0E4D7F-763B-4A98-9669-52A6E3252F3A}.AppStore|x86.ActiveCfg = Release|Any CPU
		{AC0E4D7F-763B-4A98-9669-52A6E3252F3A}.AppStore|x86.Build.0 = Release|Any CPU
		{AC0E4D7F-763B-4A98-9669-52A6E3252F3A}.AppStore|x86.Deploy.0 = Release|Any CPU
		{AC0E4D7F-763B-4A98-9669-52A6E3252F3A}.Debug|Any CPU.ActiveCfg = Debug|Any CPU
		{AC0E4D7F-763B-4A98-9669-52A6E3252F3A}.Debug|ARM.ActiveCfg = Debug|Any CPU
		{AC0E4D7F-763B-4A98-9669-52A6E3252F3A}.Debug|ARM.Build.0 = Debug|Any CPU
		{AC0E4D7F-763B-4A98-9669-52A6E3252F3A}.Debug|ARM.Deploy.0 = Debug|Any CPU
		{AC0E4D7F-763B-4A98-9669-52A6E3252F3A}.Debug|iPhone.ActiveCfg = Debug|Any CPU
		{AC0E4D7F-763B-4A98-9669-52A6E3252F3A}.Debug|iPhone.Build.0 = Debug|Any CPU
		{AC0E4D7F-763B-4A98-9669-52A6E3252F3A}.Debug|iPhone.Deploy.0 = Debug|Any CPU
		{AC0E4D7F-763B-4A98-9669-52A6E3252F3A}.Debug|iPhoneSimulator.ActiveCfg = Debug|Any CPU
		{AC0E4D7F-763B-4A98-9669-52A6E3252F3A}.Debug|iPhoneSimulator.Build.0 = Debug|Any CPU
		{AC0E4D7F-763B-4A98-9669-52A6E3252F3A}.Debug|iPhoneSimulator.Deploy.0 = Debug|Any CPU
		{AC0E4D7F-763B-4A98-9669-52A6E3252F3A}.Debug|x64.ActiveCfg = Debug|Any CPU
		{AC0E4D7F-763B-4A98-9669-52A6E3252F3A}.Debug|x64.Build.0 = Debug|Any CPU
		{AC0E4D7F-763B-4A98-9669-52A6E3252F3A}.Debug|x64.Deploy.0 = Debug|Any CPU
		{AC0E4D7F-763B-4A98-9669-52A6E3252F3A}.Debug|x86.ActiveCfg = Debug|Any CPU
		{AC0E4D7F-763B-4A98-9669-52A6E3252F3A}.Debug|x86.Build.0 = Debug|Any CPU
		{AC0E4D7F-763B-4A98-9669-52A6E3252F3A}.Debug|x86.Deploy.0 = Debug|Any CPU
		{AC0E4D7F-763B-4A98-9669-52A6E3252F3A}.Release|Any CPU.ActiveCfg = Release|Any CPU
		{AC0E4D7F-763B-4A98-9669-52A6E3252F3A}.Release|Any CPU.Build.0 = Release|Any CPU
		{AC0E4D7F-763B-4A98-9669-52A6E3252F3A}.Release|Any CPU.Deploy.0 = Release|Any CPU
		{AC0E4D7F-763B-4A98-9669-52A6E3252F3A}.Release|ARM.ActiveCfg = Release|Any CPU
		{AC0E4D7F-763B-4A98-9669-52A6E3252F3A}.Release|ARM.Build.0 = Release|Any CPU
		{AC0E4D7F-763B-4A98-9669-52A6E3252F3A}.Release|ARM.Deploy.0 = Release|Any CPU
		{AC0E4D7F-763B-4A98-9669-52A6E3252F3A}.Release|iPhone.ActiveCfg = Release|Any CPU
		{AC0E4D7F-763B-4A98-9669-52A6E3252F3A}.Release|iPhone.Build.0 = Release|Any CPU
		{AC0E4D7F-763B-4A98-9669-52A6E3252F3A}.Release|iPhone.Deploy.0 = Release|Any CPU
		{AC0E4D7F-763B-4A98-9669-52A6E3252F3A}.Release|iPhoneSimulator.ActiveCfg = Release|Any CPU
		{AC0E4D7F-763B-4A98-9669-52A6E3252F3A}.Release|iPhoneSimulator.Build.0 = Release|Any CPU
		{AC0E4D7F-763B-4A98-9669-52A6E3252F3A}.Release|iPhoneSimulator.Deploy.0 = Release|Any CPU
		{AC0E4D7F-763B-4A98-9669-52A6E3252F3A}.Release|x64.ActiveCfg = Release|Any CPU
		{AC0E4D7F-763B-4A98-9669-52A6E3252F3A}.Release|x64.Build.0 = Release|Any CPU
		{AC0E4D7F-763B-4A98-9669-52A6E3252F3A}.Release|x64.Deploy.0 = Release|Any CPU
		{AC0E4D7F-763B-4A98-9669-52A6E3252F3A}.Release|x86.ActiveCfg = Release|Any CPU
		{AC0E4D7F-763B-4A98-9669-52A6E3252F3A}.Release|x86.Build.0 = Release|Any CPU
		{AC0E4D7F-763B-4A98-9669-52A6E3252F3A}.Release|x86.Deploy.0 = Release|Any CPU
		{2D94EA5A-0974-44B4-A238-73DC35C1DE6A}.Ad-Hoc|Any CPU.ActiveCfg = Ad-Hoc|iPhone
		{2D94EA5A-0974-44B4-A238-73DC35C1DE6A}.Ad-Hoc|ARM.ActiveCfg = Ad-Hoc|iPhone
		{2D94EA5A-0974-44B4-A238-73DC35C1DE6A}.Ad-Hoc|iPhone.ActiveCfg = Ad-Hoc|iPhone
		{2D94EA5A-0974-44B4-A238-73DC35C1DE6A}.Ad-Hoc|iPhone.Build.0 = Ad-Hoc|iPhone
		{2D94EA5A-0974-44B4-A238-73DC35C1DE6A}.Ad-Hoc|iPhoneSimulator.ActiveCfg = Ad-Hoc|iPhoneSimulator
		{2D94EA5A-0974-44B4-A238-73DC35C1DE6A}.Ad-Hoc|iPhoneSimulator.Build.0 = Ad-Hoc|iPhoneSimulator
		{2D94EA5A-0974-44B4-A238-73DC35C1DE6A}.Ad-Hoc|x64.ActiveCfg = Ad-Hoc|iPhone
		{2D94EA5A-0974-44B4-A238-73DC35C1DE6A}.Ad-Hoc|x86.ActiveCfg = Ad-Hoc|iPhone
		{2D94EA5A-0974-44B4-A238-73DC35C1DE6A}.AppStore|Any CPU.ActiveCfg = AppStore|iPhone
		{2D94EA5A-0974-44B4-A238-73DC35C1DE6A}.AppStore|ARM.ActiveCfg = AppStore|iPhone
		{2D94EA5A-0974-44B4-A238-73DC35C1DE6A}.AppStore|iPhone.ActiveCfg = AppStore|iPhone
		{2D94EA5A-0974-44B4-A238-73DC35C1DE6A}.AppStore|iPhone.Build.0 = AppStore|iPhone
		{2D94EA5A-0974-44B4-A238-73DC35C1DE6A}.AppStore|iPhoneSimulator.ActiveCfg = AppStore|iPhoneSimulator
		{2D94EA5A-0974-44B4-A238-73DC35C1DE6A}.AppStore|iPhoneSimulator.Build.0 = AppStore|iPhoneSimulator
		{2D94EA5A-0974-44B4-A238-73DC35C1DE6A}.AppStore|x64.ActiveCfg = AppStore|iPhone
		{2D94EA5A-0974-44B4-A238-73DC35C1DE6A}.AppStore|x86.ActiveCfg = AppStore|iPhone
		{2D94EA5A-0974-44B4-A238-73DC35C1DE6A}.Debug|Any CPU.ActiveCfg = Debug|iPhone
		{2D94EA5A-0974-44B4-A238-73DC35C1DE6A}.Debug|ARM.ActiveCfg = Debug|iPhone
		{2D94EA5A-0974-44B4-A238-73DC35C1DE6A}.Debug|iPhone.ActiveCfg = Debug|iPhone
		{2D94EA5A-0974-44B4-A238-73DC35C1DE6A}.Debug|iPhone.Build.0 = Debug|iPhone
		{2D94EA5A-0974-44B4-A238-73DC35C1DE6A}.Debug|iPhoneSimulator.ActiveCfg = Debug|iPhoneSimulator
		{2D94EA5A-0974-44B4-A238-73DC35C1DE6A}.Debug|iPhoneSimulator.Build.0 = Debug|iPhoneSimulator
		{2D94EA5A-0974-44B4-A238-73DC35C1DE6A}.Debug|x64.ActiveCfg = Debug|iPhone
		{2D94EA5A-0974-44B4-A238-73DC35C1DE6A}.Debug|x86.ActiveCfg = Debug|iPhone
		{2D94EA5A-0974-44B4-A238-73DC35C1DE6A}.Release|Any CPU.ActiveCfg = Release|iPhone
		{2D94EA5A-0974-44B4-A238-73DC35C1DE6A}.Release|ARM.ActiveCfg = Release|iPhone
		{2D94EA5A-0974-44B4-A238-73DC35C1DE6A}.Release|iPhone.ActiveCfg = Release|iPhone
		{2D94EA5A-0974-44B4-A238-73DC35C1DE6A}.Release|iPhone.Build.0 = Release|iPhone
		{2D94EA5A-0974-44B4-A238-73DC35C1DE6A}.Release|iPhoneSimulator.ActiveCfg = Release|iPhoneSimulator
		{2D94EA5A-0974-44B4-A238-73DC35C1DE6A}.Release|iPhoneSimulator.Build.0 = Release|iPhoneSimulator
		{2D94EA5A-0974-44B4-A238-73DC35C1DE6A}.Release|x64.ActiveCfg = Release|iPhone
		{2D94EA5A-0974-44B4-A238-73DC35C1DE6A}.Release|x86.ActiveCfg = Release|iPhone
		{23D850C9-B199-464B-A1F8-125F7A1B30B4}.Ad-Hoc|Any CPU.ActiveCfg = Release|x64
		{23D850C9-B199-464B-A1F8-125F7A1B30B4}.Ad-Hoc|Any CPU.Build.0 = Release|x64
		{23D850C9-B199-464B-A1F8-125F7A1B30B4}.Ad-Hoc|Any CPU.Deploy.0 = Release|x64
		{23D850C9-B199-464B-A1F8-125F7A1B30B4}.Ad-Hoc|ARM.ActiveCfg = Release|ARM
		{23D850C9-B199-464B-A1F8-125F7A1B30B4}.Ad-Hoc|ARM.Build.0 = Release|ARM
		{23D850C9-B199-464B-A1F8-125F7A1B30B4}.Ad-Hoc|ARM.Deploy.0 = Release|ARM
		{23D850C9-B199-464B-A1F8-125F7A1B30B4}.Ad-Hoc|iPhone.ActiveCfg = Release|x64
		{23D850C9-B199-464B-A1F8-125F7A1B30B4}.Ad-Hoc|iPhone.Build.0 = Release|x64
		{23D850C9-B199-464B-A1F8-125F7A1B30B4}.Ad-Hoc|iPhone.Deploy.0 = Release|x64
		{23D850C9-B199-464B-A1F8-125F7A1B30B4}.Ad-Hoc|iPhoneSimulator.ActiveCfg = Release|x64
		{23D850C9-B199-464B-A1F8-125F7A1B30B4}.Ad-Hoc|iPhoneSimulator.Build.0 = Release|x64
		{23D850C9-B199-464B-A1F8-125F7A1B30B4}.Ad-Hoc|iPhoneSimulator.Deploy.0 = Release|x64
		{23D850C9-B199-464B-A1F8-125F7A1B30B4}.Ad-Hoc|x64.ActiveCfg = Release|x64
		{23D850C9-B199-464B-A1F8-125F7A1B30B4}.Ad-Hoc|x64.Build.0 = Release|x64
		{23D850C9-B199-464B-A1F8-125F7A1B30B4}.Ad-Hoc|x64.Deploy.0 = Release|x64
		{23D850C9-B199-464B-A1F8-125F7A1B30B4}.Ad-Hoc|x86.ActiveCfg = Release|x86
		{23D850C9-B199-464B-A1F8-125F7A1B30B4}.Ad-Hoc|x86.Build.0 = Release|x86
		{23D850C9-B199-464B-A1F8-125F7A1B30B4}.Ad-Hoc|x86.Deploy.0 = Release|x86
		{23D850C9-B199-464B-A1F8-125F7A1B30B4}.AppStore|Any CPU.ActiveCfg = Release|x64
		{23D850C9-B199-464B-A1F8-125F7A1B30B4}.AppStore|Any CPU.Build.0 = Release|x64
		{23D850C9-B199-464B-A1F8-125F7A1B30B4}.AppStore|Any CPU.Deploy.0 = Release|x64
		{23D850C9-B199-464B-A1F8-125F7A1B30B4}.AppStore|ARM.ActiveCfg = Release|ARM
		{23D850C9-B199-464B-A1F8-125F7A1B30B4}.AppStore|ARM.Build.0 = Release|ARM
		{23D850C9-B199-464B-A1F8-125F7A1B30B4}.AppStore|ARM.Deploy.0 = Release|ARM
		{23D850C9-B199-464B-A1F8-125F7A1B30B4}.AppStore|iPhone.ActiveCfg = Release|x64
		{23D850C9-B199-464B-A1F8-125F7A1B30B4}.AppStore|iPhone.Build.0 = Release|x64
		{23D850C9-B199-464B-A1F8-125F7A1B30B4}.AppStore|iPhone.Deploy.0 = Release|x64
		{23D850C9-B199-464B-A1F8-125F7A1B30B4}.AppStore|iPhoneSimulator.ActiveCfg = Release|x64
		{23D850C9-B199-464B-A1F8-125F7A1B30B4}.AppStore|iPhoneSimulator.Build.0 = Release|x64
		{23D850C9-B199-464B-A1F8-125F7A1B30B4}.AppStore|iPhoneSimulator.Deploy.0 = Release|x64
		{23D850C9-B199-464B-A1F8-125F7A1B30B4}.AppStore|x64.ActiveCfg = Release|x64
		{23D850C9-B199-464B-A1F8-125F7A1B30B4}.AppStore|x64.Build.0 = Release|x64
		{23D850C9-B199-464B-A1F8-125F7A1B30B4}.AppStore|x64.Deploy.0 = Release|x64
		{23D850C9-B199-464B-A1F8-125F7A1B30B4}.AppStore|x86.ActiveCfg = Release|x86
		{23D850C9-B199-464B-A1F8-125F7A1B30B4}.AppStore|x86.Build.0 = Release|x86
		{23D850C9-B199-464B-A1F8-125F7A1B30B4}.AppStore|x86.Deploy.0 = Release|x86
		{23D850C9-B199-464B-A1F8-125F7A1B30B4}.Debug|Any CPU.ActiveCfg = Debug|x86
		{23D850C9-B199-464B-A1F8-125F7A1B30B4}.Debug|Any CPU.Build.0 = Debug|x86
		{23D850C9-B199-464B-A1F8-125F7A1B30B4}.Debug|Any CPU.Deploy.0 = Debug|x86
		{23D850C9-B199-464B-A1F8-125F7A1B30B4}.Debug|ARM.ActiveCfg = Debug|ARM
		{23D850C9-B199-464B-A1F8-125F7A1B30B4}.Debug|ARM.Build.0 = Debug|ARM
		{23D850C9-B199-464B-A1F8-125F7A1B30B4}.Debug|ARM.Deploy.0 = Debug|ARM
		{23D850C9-B199-464B-A1F8-125F7A1B30B4}.Debug|iPhone.ActiveCfg = Debug|x86
		{23D850C9-B199-464B-A1F8-125F7A1B30B4}.Debug|iPhoneSimulator.ActiveCfg = Debug|x86
		{23D850C9-B199-464B-A1F8-125F7A1B30B4}.Debug|x64.ActiveCfg = Debug|x64
		{23D850C9-B199-464B-A1F8-125F7A1B30B4}.Debug|x64.Build.0 = Debug|x64
		{23D850C9-B199-464B-A1F8-125F7A1B30B4}.Debug|x64.Deploy.0 = Debug|x64
		{23D850C9-B199-464B-A1F8-125F7A1B30B4}.Debug|x86.ActiveCfg = Debug|x86
		{23D850C9-B199-464B-A1F8-125F7A1B30B4}.Debug|x86.Build.0 = Debug|x86
		{23D850C9-B199-464B-A1F8-125F7A1B30B4}.Debug|x86.Deploy.0 = Debug|x86
		{23D850C9-B199-464B-A1F8-125F7A1B30B4}.Release|Any CPU.ActiveCfg = Release|x86
		{23D850C9-B199-464B-A1F8-125F7A1B30B4}.Release|ARM.ActiveCfg = Release|ARM
		{23D850C9-B199-464B-A1F8-125F7A1B30B4}.Release|ARM.Build.0 = Release|ARM
		{23D850C9-B199-464B-A1F8-125F7A1B30B4}.Release|ARM.Deploy.0 = Release|ARM
		{23D850C9-B199-464B-A1F8-125F7A1B30B4}.Release|iPhone.ActiveCfg = Release|x86
		{23D850C9-B199-464B-A1F8-125F7A1B30B4}.Release|iPhoneSimulator.ActiveCfg = Release|x86
		{23D850C9-B199-464B-A1F8-125F7A1B30B4}.Release|x64.ActiveCfg = Release|x64
		{23D850C9-B199-464B-A1F8-125F7A1B30B4}.Release|x64.Build.0 = Release|x64
		{23D850C9-B199-464B-A1F8-125F7A1B30B4}.Release|x64.Deploy.0 = Release|x64
		{23D850C9-B199-464B-A1F8-125F7A1B30B4}.Release|x86.ActiveCfg = Release|x86
		{23D850C9-B199-464B-A1F8-125F7A1B30B4}.Release|x86.Build.0 = Release|x86
		{23D850C9-B199-464B-A1F8-125F7A1B30B4}.Release|x86.Deploy.0 = Release|x86
	EndGlobalSection
	GlobalSection(SolutionProperties) = preSolution
		HideSolutionNode = FALSE
	EndGlobalSection
EndGlobal
